
Microsoft Visual Studio Solution File, Format Version 12.00
# Visual Studio 15
VisualStudioVersion = 15.0.28307.102
MinimumVisualStudioVersion = 10.0.40219.1
Project("{8BC9CEB8-8B4A-11D0-8D11-00A0C91BC942}") = "FPS-Console", "FPS-Console\FPS-Console.vcxproj", "{E5B36DEC-372E-4679-9554-8973F1509CFE}"
EndProject
Global
	GlobalSection(SolutionConfigurationPlatforms) = preSolution
		Debug|x64 = Debug|x64
		Debug|x86 = Debug|x86
		Release|x64 = Release|x64
		Release|x86 = Release|x86
	EndGlobalSection
	GlobalSection(ProjectConfigurationPlatforms) = postSolution
		{E5B36DEC-372E-4679-9554-8973F1509CFE}.Debug|x64.ActiveCfg = Debug|x64
		{E5B36DEC-372E-4679-9554-8973F1509CFE}.Debug|x64.Build.0 = Debug|x64
		{E5B36DEC-372E-4679-9554-8973F1509CFE}.Debug|x86.ActiveCfg = Debug|Win32
		{E5B36DEC-372E-4679-9554-8973F1509CFE}.Debug|x86.Build.0 = Debug|Win32
		{E5B36DEC-372E-4679-9554-8973F1509CFE}.Release|x64.ActiveCfg = Release|x64
		{E5B36DEC-372E-4679-9554-8973F1509CFE}.Release|x64.Build.0 = Release|x64
		{E5B36DEC-372E-4679-9554-8973F1509CFE}.Release|x86.ActiveCfg = Release|Win32
		{E5B36DEC-372E-4679-9554-8973F1509CFE}.Release|x86.Build.0 = Release|Win32
	EndGlobalSection
	GlobalSection(SolutionProperties) = preSolution
		HideSolutionNode = FALSE
	EndGlobalSection
	GlobalSection(ExtensibilityGlobals) = postSolution
		SolutionGuid = {C24B9394-8732-47B0-86E1-1A54160F3387}
	EndGlobalSection
EndGlobal
